// !$*UTF8*$!
{
	archiveVersion = 1;
	classes = {
	};
	objectVersion = 50;
	objects = {

/* Begin PBXBuildFile section */
		E8B18DC12432E7DC000FAC5A /* AppDelegate.swift in Sources */ = {isa = PBXBuildFile; fileRef = E8B18DC02432E7DC000FAC5A /* AppDelegate.swift */; };
		E8B18DC32432E7DC000FAC5A /* SceneDelegate.swift in Sources */ = {isa = PBXBuildFile; fileRef = E8B18DC22432E7DC000FAC5A /* SceneDelegate.swift */; };
		E8B18DC52432E7DC000FAC5A /* ViewController.swift in Sources */ = {isa = PBXBuildFile; fileRef = E8B18DC42432E7DC000FAC5A /* ViewController.swift */; };
		E8B18DC82432E7DC000FAC5A /* Main.storyboard in Resources */ = {isa = PBXBuildFile; fileRef = E8B18DC62432E7DC000FAC5A /* Main.storyboard */; };
		E8B18DCA2432E7DF000FAC5A /* Assets.xcassets in Resources */ = {isa = PBXBuildFile; fileRef = E8B18DC92432E7DF000FAC5A /* Assets.xcassets */; };
		E8B18DCD2432E7DF000FAC5A /* LaunchScreen.storyboard in Resources */ = {isa = PBXBuildFile; fileRef = E8B18DCB2432E7DF000FAC5A /* LaunchScreen.storyboard */; };
		E8B18DD82432E7DF000FAC5A /* hairColorChangeTests.swift in Sources */ = {isa = PBXBuildFile; fileRef = E8B18DD72432E7DF000FAC5A /* hairColorChangeTests.swift */; };
		E8B18DE32432E7DF000FAC5A /* hairColorChangeUITests.swift in Sources */ = {isa = PBXBuildFile; fileRef = E8B18DE22432E7DF000FAC5A /* hairColorChangeUITests.swift */; };
/* End PBXBuildFile section */

/* Begin PBXContainerItemProxy section */
		E8B18DD42432E7DF000FAC5A /* PBXContainerItemProxy */ = {
			isa = PBXContainerItemProxy;
			containerPortal = E8B18DB52432E7DC000FAC5A /* Project object */;
			proxyType = 1;
			remoteGlobalIDString = E8B18DBC2432E7DC000FAC5A;
			remoteInfo = hairColorChange;
		};
		E8B18DDF2432E7DF000FAC5A /* PBXContainerItemProxy */ = {
			isa = PBXContainerItemProxy;
			containerPortal = E8B18DB52432E7DC000FAC5A /* Project object */;
			proxyType = 1;
			remoteGlobalIDString = E8B18DBC2432E7DC000FAC5A;
			remoteInfo = hairColorChange;
		};
/* End PBXContainerItemProxy section */

/* Begin PBXFileReference section */
		E8B18DBD2432E7DC000FAC5A /* hairColorChange.app */ = {isa = PBXFileReference; explicitFileType = wrapper.application; includeInIndex = 0; path = hairColorChange.app; sourceTree = BUILT_PRODUCTS_DIR; };
		E8B18DC02432E7DC000FAC5A /* AppDelegate.swift */ = {isa = PBXFileReference; lastKnownFileType = sourcecode.swift; path = AppDelegate.swift; sourceTree = "<group>"; };
		E8B18DC22432E7DC000FAC5A /* SceneDelegate.swift */ = {isa = PBXFileReference; lastKnownFileType = sourcecode.swift; path = SceneDelegate.swift; sourceTree = "<group>"; };
		E8B18DC42432E7DC000FAC5A /* ViewController.swift */ = {isa = PBXFileReference; lastKnownFileType = sourcecode.swift; path = ViewController.swift; sourceTree = "<group>"; };
		E8B18DC72432E7DC000FAC5A /* Base */ = {isa = PBXFileReference; lastKnownFileType = file.storyboard; name = Base; path = Base.lproj/Main.storyboard; sourceTree = "<group>"; };
		E8B18DC92432E7DF000FAC5A /* Assets.xcassets */ = {isa = PBXFileReference; lastKnownFileType = folder.assetcatalog; path = Assets.xcassets; sourceTree = "<group>"; };
		E8B18DCC2432E7DF000FAC5A /* Base */ = {isa = PBXFileReference; lastKnownFileType = file.storyboard; name = Base; path = Base.lproj/LaunchScreen.storyboard; sourceTree = "<group>"; };
		E8B18DCE2432E7DF000FAC5A /* Info.plist */ = {isa = PBXFileReference; lastKnownFileType = text.plist.xml; path = Info.plist; sourceTree = "<group>"; };
		E8B18DD32432E7DF000FAC5A /* hairColorChangeTests.xctest */ = {isa = PBXFileReference; explicitFileType = wrapper.cfbundle; includeInIndex = 0; path = hairColorChangeTests.xctest; sourceTree = BUILT_PRODUCTS_DIR; };
		E8B18DD72432E7DF000FAC5A /* hairColorChangeTests.swift */ = {isa = PBXFileReference; lastKnownFileType = sourcecode.swift; path = hairColorChangeTests.swift; sourceTree = "<group>"; };
		E8B18DD92432E7DF000FAC5A /* Info.plist */ = {isa = PBXFileReference; lastKnownFileType = text.plist.xml; path = Info.plist; sourceTree = "<group>"; };
		E8B18DDE2432E7DF000FAC5A /* hairColorChangeUITests.xctest */ = {isa = PBXFileReference; explicitFileType = wrapper.cfbundle; includeInIndex = 0; path = hairColorChangeUITests.xctest; sourceTree = BUILT_PRODUCTS_DIR; };
		E8B18DE22432E7DF000FAC5A /* hairColorChangeUITests.swift */ = {isa = PBXFileReference; lastKnownFileType = sourcecode.swift; path = hairColorChangeUITests.swift; sourceTree = "<group>"; };
		E8B18DE42432E7DF000FAC5A /* Info.plist */ = {isa = PBXFileReference; lastKnownFileType = text.plist.xml; path = Info.plist; sourceTree = "<group>"; };
/* End PBXFileReference section */

/* Begin PBXFrameworksBuildPhase section */
		E8B18DBA2432E7DC000FAC5A /* Frameworks */ = {
			isa = PBXFrameworksBuildPhase;
			buildActionMask = 2147483647;
			files = (
			);
			runOnlyForDeploymentPostprocessing = 0;
		};
		E8B18DD02432E7DF000FAC5A /* Frameworks */ = {
			isa = PBXFrameworksBuildPhase;
			buildActionMask = 2147483647;
			files = (
			);
			runOnlyForDeploymentPostprocessing = 0;
		};
		E8B18DDB2432E7DF000FAC5A /* Frameworks */ = {
			isa = PBXFrameworksBuildPhase;
			buildActionMask = 2147483647;
			files = (
			);
			runOnlyForDeploymentPostprocessing = 0;
		};
/* End PBXFrameworksBuildPhase section */

/* Begin PBXGroup section */
		E8B18DB42432E7DC000FAC5A = {
			isa = PBXGroup;
			children = (
				E8B18DBF2432E7DC000FAC5A /* hairColorChange */,
				E8B18DD62432E7DF000FAC5A /* hairColorChangeTests */,
				E8B18DE12432E7DF000FAC5A /* hairColorChangeUITests */,
				E8B18DBE2432E7DC000FAC5A /* Products */,
			);
			sourceTree = "<group>";
		};
		E8B18DBE2432E7DC000FAC5A /* Products */ = {
			isa = PBXGroup;
			children = (
				E8B18DBD2432E7DC000FAC5A /* hairColorChange.app */,
				E8B18DD32432E7DF000FAC5A /* hairColorChangeTests.xctest */,
				E8B18DDE2432E7DF000FAC5A /* hairColorChangeUITests.xctest */,
			);
			name = Products;
			sourceTree = "<group>";
		};
		E8B18DBF2432E7DC000FAC5A /* hairColorChange */ = {
			isa = PBXGroup;
			children = (
				E8B18DC02432E7DC000FAC5A /* AppDelegate.swift */,
				E8B18DC22432E7DC000FAC5A /* SceneDelegate.swift */,
				E8B18DC42432E7DC000FAC5A /* ViewController.swift */,
				E8B18DC62432E7DC000FAC5A /* Main.storyboard */,
				E8B18DC92432E7DF000FAC5A /* Assets.xcassets */,
				E8B18DCB2432E7DF000FAC5A /* LaunchScreen.storyboard */,
				E8B18DCE2432E7DF000FAC5A /* Info.plist */,
			);
			path = hairColorChange;
			sourceTree = "<group>";
		};
		E8B18DD62432E7DF000FAC5A /* hairColorChangeTests */ = {
			isa = PBXGroup;
			children = (
				E8B18DD72432E7DF000FAC5A /* hairColorChangeTests.swift */,
				E8B18DD92432E7DF000FAC5A /* Info.plist */,
			);
			path = hairColorChangeTests;
			sourceTree = "<group>";
		};
		E8B18DE12432E7DF000FAC5A /* hairColorChangeUITests */ = {
			isa = PBXGroup;
			children = (
				E8B18DE22432E7DF000FAC5A /* hairColorChangeUITests.swift */,
				E8B18DE42432E7DF000FAC5A /* Info.plist */,
			);
			path = hairColorChangeUITests;
			sourceTree = "<group>";
		};
/* End PBXGroup section */

/* Begin PBXNativeTarget section */
		E8B18DBC2432E7DC000FAC5A /* hairColorChange */ = {
			isa = PBXNativeTarget;
			buildConfigurationList = E8B18DE72432E7DF000FAC5A /* Build configuration list for PBXNativeTarget "hairColorChange" */;
			buildPhases = (
				E8B18DB92432E7DC000FAC5A /* Sources */,
				E8B18DBA2432E7DC000FAC5A /* Frameworks */,
				E8B18DBB2432E7DC000FAC5A /* Resources */,
			);
			buildRules = (
			);
			dependencies = (
			);
			name = hairColorChange;
			productName = hairColorChange;
			productReference = E8B18DBD2432E7DC000FAC5A /* hairColorChange.app */;
			productType = "com.apple.product-type.application";
		};
		E8B18DD22432E7DF000FAC5A /* hairColorChangeTests */ = {
			isa = PBXNativeTarget;
			buildConfigurationList = E8B18DEA2432E7DF000FAC5A /* Build configuration list for PBXNativeTarget "hairColorChangeTests" */;
			buildPhases = (
				E8B18DCF2432E7DF000FAC5A /* Sources */,
				E8B18DD02432E7DF000FAC5A /* Frameworks */,
				E8B18DD12432E7DF000FAC5A /* Resources */,
			);
			buildRules = (
			);
			dependencies = (
				E8B18DD52432E7DF000FAC5A /* PBXTargetDependency */,
			);
			name = hairColorChangeTests;
			productName = hairColorChangeTests;
			productReference = E8B18DD32432E7DF000FAC5A /* hairColorChangeTests.xctest */;
			productType = "com.apple.product-type.bundle.unit-test";
		};
		E8B18DDD2432E7DF000FAC5A /* hairColorChangeUITests */ = {
			isa = PBXNativeTarget;
			buildConfigurationList = E8B18DED2432E7DF000FAC5A /* Build configuration list for PBXNativeTarget "hairColorChangeUITests" */;
			buildPhases = (
				E8B18DDA2432E7DF000FAC5A /* Sources */,
				E8B18DDB2432E7DF000FAC5A /* Frameworks */,
				E8B18DDC2432E7DF000FAC5A /* Resources */,
			);
			buildRules = (
			);
			dependencies = (
				E8B18DE02432E7DF000FAC5A /* PBXTargetDependency */,
			);
			name = hairColorChangeUITests;
			productName = hairColorChangeUITests;
			productReference = E8B18DDE2432E7DF000FAC5A /* hairColorChangeUITests.xctest */;
			productType = "com.apple.product-type.bundle.ui-testing";
		};
/* End PBXNativeTarget section */

/* Begin PBXProject section */
		E8B18DB52432E7DC000FAC5A /* Project object */ = {
			isa = PBXProject;
			attributes = {
				LastSwiftUpdateCheck = 1140;
				LastUpgradeCheck = 1140;
				ORGANIZATIONNAME = "유종민이";
				TargetAttributes = {
					E8B18DBC2432E7DC000FAC5A = {
						CreatedOnToolsVersion = 11.4;
					};
					E8B18DD22432E7DF000FAC5A = {
						CreatedOnToolsVersion = 11.4;
						TestTargetID = E8B18DBC2432E7DC000FAC5A;
					};
					E8B18DDD2432E7DF000FAC5A = {
						CreatedOnToolsVersion = 11.4;
						TestTargetID = E8B18DBC2432E7DC000FAC5A;
					};
				};
			};
			buildConfigurationList = E8B18DB82432E7DC000FAC5A /* Build configuration list for PBXProject "hairColorChange" */;
			compatibilityVersion = "Xcode 9.3";
			developmentRegion = en;
			hasScannedForEncodings = 0;
			knownRegions = (
				en,
				Base,
			);
			mainGroup = E8B18DB42432E7DC000FAC5A;
			productRefGroup = E8B18DBE2432E7DC000FAC5A /* Products */;
			projectDirPath = "";
			projectRoot = "";
			targets = (
				E8B18DBC2432E7DC000FAC5A /* hairColorChange */,
				E8B18DD22432E7DF000FAC5A /* hairColorChangeTests */,
				E8B18DDD2432E7DF000FAC5A /* hairColorChangeUITests */,
			);
		};
/* End PBXProject section */

/* Begin PBXResourcesBuildPhase section */
		E8B18DBB2432E7DC000FAC5A /* Resources */ = {
			isa = PBXResourcesBuildPhase;
			buildActionMask = 2147483647;
			files = (
				E8B18DCD2432E7DF000FAC5A /* LaunchScreen.storyboard in Resources */,
				E8B18DCA2432E7DF000FAC5A /* Assets.xcassets in Resources */,
				E8B18DC82432E7DC000FAC5A /* Main.storyboard in Resources */,
			);
			runOnlyForDeploymentPostprocessing = 0;
		};
		E8B18DD12432E7DF000FAC5A /* Resources */ = {
			isa = PBXResourcesBuildPhase;
			buildActionMask = 2147483647;
			files = (
			);
			runOnlyForDeploymentPostprocessing = 0;
		};
		E8B18DDC2432E7DF000FAC5A /* Resources */ = {
			isa = PBXResourcesBuildPhase;
			buildActionMask = 2147483647;
			files = (
			);
			runOnlyForDeploymentPostprocessing = 0;
		};
/* End PBXResourcesBuildPhase section */

/* Begin PBXSourcesBuildPhase section */
		E8B18DB92432E7DC000FAC5A /* Sources */ = {
			isa = PBXSourcesBuildPhase;
			buildActionMask = 2147483647;
			files = (
				E8B18DC52432E7DC000FAC5A /* ViewController.swift in Sources */,
				E8B18DC12432E7DC000FAC5A /* AppDelegate.swift in Sources */,
				E8B18DC32432E7DC000FAC5A /* SceneDelegate.swift in Sources */,
			);
			runOnlyForDeploymentPostprocessing = 0;
		};
		E8B18DCF2432E7DF000FAC5A /* Sources */ = {
			isa = PBXSourcesBuildPhase;
			buildActionMask = 2147483647;
			files = (
				E8B18DD82432E7DF000FAC5A /* hairColorChangeTests.swift in Sources */,
			);
			runOnlyForDeploymentPostprocessing = 0;
		};
		E8B18DDA2432E7DF000FAC5A /* Sources */ = {
			isa = PBXSourcesBuildPhase;
			buildActionMask = 2147483647;
			files = (
				E8B18DE32432E7DF000FAC5A /* hairColorChangeUITests.swift in Sources */,
			);
			runOnlyForDeploymentPostprocessing = 0;
		};
/* End PBXSourcesBuildPhase section */

/* Begin PBXTargetDependency section */
		E8B18DD52432E7DF000FAC5A /* PBXTargetDependency */ = {
			isa = PBXTargetDependency;
			target = E8B18DBC2432E7DC000FAC5A /* hairColorChange */;
			targetProxy = E8B18DD42432E7DF000FAC5A /* PBXContainerItemProxy */;
		};
		E8B18DE02432E7DF000FAC5A /* PBXTargetDependency */ = {
			isa = PBXTargetDependency;
			target = E8B18DBC2432E7DC000FAC5A /* hairColorChange */;
			targetProxy = E8B18DDF2432E7DF000FAC5A /* PBXContainerItemProxy */;
		};
/* End PBXTargetDependency section */

/* Begin PBXVariantGroup section */
		E8B18DC62432E7DC000FAC5A /* Main.storyboard */ = {
			isa = PBXVariantGroup;
			children = (
				E8B18DC72432E7DC000FAC5A /* Base */,
			);
			name = Main.storyboard;
			sourceTree = "<group>";
		};
		E8B18DCB2432E7DF000FAC5A /* LaunchScreen.storyboard */ = {
			isa = PBXVariantGroup;
			children = (
				E8B18DCC2432E7DF000FAC5A /* Base */,
			);
			name = LaunchScreen.storyboard;
			sourceTree = "<group>";
		};
/* End PBXVariantGroup section */

/* Begin XCBuildConfiguration section */
		E8B18DE52432E7DF000FAC5A /* Debug */ = {
			isa = XCBuildConfiguration;
			buildSettings = {
				ALWAYS_SEARCH_USER_PATHS = NO;
				CLANG_ANALYZER_NONNULL = YES;
				CLANG_ANALYZER_NUMBER_OBJECT_CONVERSION = YES_AGGRESSIVE;
				CLANG_CXX_LANGUAGE_STANDARD = "gnu++14";
				CLANG_CXX_LIBRARY = "libc++";
				CLANG_ENABLE_MODULES = YES;
				CLANG_ENABLE_OBJC_ARC = YES;
				CLANG_ENABLE_OBJC_WEAK = YES;
				CLANG_WARN_BLOCK_CAPTURE_AUTORELEASING = YES;
				CLANG_WARN_BOOL_CONVERSION = YES;
				CLANG_WARN_COMMA = YES;
				CLANG_WARN_CONSTANT_CONVERSION = YES;
				CLANG_WARN_DEPRECATED_OBJC_IMPLEMENTATIONS = YES;
				CLANG_WARN_DIRECT_OBJC_ISA_USAGE = YES_ERROR;
				CLANG_WARN_DOCUMENTATION_COMMENTS = YES;
				CLANG_WARN_EMPTY_BODY = YES;
				CLANG_WARN_ENUM_CONVERSION = YES;
				CLANG_WARN_INFINITE_RECURSION = YES;
				CLANG_WARN_INT_CONVERSION = YES;
				CLANG_WARN_NON_LITERAL_NULL_CONVERSION = YES;
				CLANG_WARN_OBJC_IMPLICIT_RETAIN_SELF = YES;
				CLANG_WARN_OBJC_LITERAL_CONVERSION = YES;
				CLANG_WARN_OBJC_ROOT_CLASS = YES_ERROR;
				CLANG_WARN_RANGE_LOOP_ANALYSIS = YES;
				CLANG_WARN_STRICT_PROTOTYPES = YES;
				CLANG_WARN_SUSPICIOUS_MOVE = YES;
				CLANG_WARN_UNGUARDED_AVAILABILITY = YES_AGGRESSIVE;
				CLANG_WARN_UNREACHABLE_CODE = YES;
				CLANG_WARN__DUPLICATE_METHOD_MATCH = YES;
				COPY_PHASE_STRIP = NO;
				DEBUG_INFORMATION_FORMAT = dwarf;
				ENABLE_STRICT_OBJC_MSGSEND = YES;
				ENABLE_TESTABILITY = YES;
				GCC_C_LANGUAGE_STANDARD = gnu11;
				GCC_DYNAMIC_NO_PIC = NO;
				GCC_NO_COMMON_BLOCKS = YES;
				GCC_OPTIMIZATION_LEVEL = 0;
				GCC_PREPROCESSOR_DEFINITIONS = (
					"DEBUG=1",
					"$(inherited)",
				);
				GCC_WARN_64_TO_32_BIT_CONVERSION = YES;
				GCC_WARN_ABOUT_RETURN_TYPE = YES_ERROR;
				GCC_WARN_UNDECLARED_SELECTOR = YES;
				GCC_WARN_UNINITIALIZED_AUTOS = YES_AGGRESSIVE;
				GCC_WARN_UNUSED_FUNCTION = YES;
				GCC_WARN_UNUSED_VARIABLE = YES;
				IPHONEOS_DEPLOYMENT_TARGET = 13.4;
				MTL_ENABLE_DEBUG_INFO = INCLUDE_SOURCE;
				MTL_FAST_MATH = YES;
				ONLY_ACTIVE_ARCH = YES;
				SDKROOT = iphoneos;
				SWIFT_ACTIVE_COMPILATION_CONDITIONS = DEBUG;
				SWIFT_OPTIMIZATION_LEVEL = "-Onone";
			};
			name = Debug;
		};
		E8B18DE62432E7DF000FAC5A /* Release */ = {
			isa = XCBuildConfiguration;
			buildSettings = {
				ALWAYS_SEARCH_USER_PATHS = NO;
				CLANG_ANALYZER_NONNULL = YES;
				CLANG_ANALYZER_NUMBER_OBJECT_CONVERSION = YES_AGGRESSIVE;
				CLANG_CXX_LANGUAGE_STANDARD = "gnu++14";
				CLANG_CXX_LIBRARY = "libc++";
				CLANG_ENABLE_MODULES = YES;
				CLANG_ENABLE_OBJC_ARC = YES;
				CLANG_ENABLE_OBJC_WEAK = YES;
				CLANG_WARN_BLOCK_CAPTURE_AUTORELEASING = YES;
				CLANG_WARN_BOOL_CONVERSION = YES;
				CLANG_WARN_COMMA = YES;
				CLANG_WARN_CONSTANT_CONVERSION = YES;
				CLANG_WARN_DEPRECATED_OBJC_IMPLEMENTATIONS = YES;
				CLANG_WARN_DIRECT_OBJC_ISA_USAGE = YES_ERROR;
				CLANG_WARN_DOCUMENTATION_COMMENTS = YES;
				CLANG_WARN_EMPTY_BODY = YES;
				CLANG_WARN_ENUM_CONVERSION = YES;
				CLANG_WARN_INFINITE_RECURSION = YES;
				CLANG_WARN_INT_CONVERSION = YES;
				CLANG_WARN_NON_LITERAL_NULL_CONVERSION = YES;
				CLANG_WARN_OBJC_IMPLICIT_RETAIN_SELF = YES;
				CLANG_WARN_OBJC_LITERAL_CONVERSION = YES;
				CLANG_WARN_OBJC_ROOT_CLASS = YES_ERROR;
				CLANG_WARN_RANGE_LOOP_ANALYSIS = YES;
				CLANG_WARN_STRICT_PROTOTYPES = YES;
				CLANG_WARN_SUSPICIOUS_MOVE = YES;
				CLANG_WARN_UNGUARDED_AVAILABILITY = YES_AGGRESSIVE;
				CLANG_WARN_UNREACHABLE_CODE = YES;
				CLANG_WARN__DUPLICATE_METHOD_MATCH = YES;
				COPY_PHASE_STRIP = NO;
				DEBUG_INFORMATION_FORMAT = "dwarf-with-dsym";
				ENABLE_NS_ASSERTIONS = NO;
				ENABLE_STRICT_OBJC_MSGSEND = YES;
				GCC_C_LANGUAGE_STANDARD = gnu11;
				GCC_NO_COMMON_BLOCKS = YES;
				GCC_WARN_64_TO_32_BIT_CONVERSION = YES;
				GCC_WARN_ABOUT_RETURN_TYPE = YES_ERROR;
				GCC_WARN_UNDECLARED_SELECTOR = YES;
				GCC_WARN_UNINITIALIZED_AUTOS = YES_AGGRESSIVE;
				GCC_WARN_UNUSED_FUNCTION = YES;
				GCC_WARN_UNUSED_VARIABLE = YES;
				IPHONEOS_DEPLOYMENT_TARGET = 13.4;
				MTL_ENABLE_DEBUG_INFO = NO;
				MTL_FAST_MATH = YES;
				SDKROOT = iphoneos;
				SWIFT_COMPILATION_MODE = wholemodule;
				SWIFT_OPTIMIZATION_LEVEL = "-O";
				VALIDATE_PRODUCT = YES;
			};
			name = Release;
		};
		E8B18DE82432E7DF000FAC5A /* Debug */ = {
			isa = XCBuildConfiguration;
			buildSettings = {
				ASSETCATALOG_COMPILER_APPICON_NAME = AppIcon;
				CODE_SIGN_STYLE = Automatic;
				INFOPLIST_FILE = hairColorChange/Info.plist;
				LD_RUNPATH_SEARCH_PATHS = (
					"$(inherited)",
					"@executable_path/Frameworks",
				);
				PRODUCT_BUNDLE_IDENTIFIER = com.minglemingle.hairColorChange;
				PRODUCT_NAME = "$(TARGET_NAME)";
				SWIFT_VERSION = 5.0;
				TARGETED_DEVICE_FAMILY = "1,2";
			};
			name = Debug;
		};
		E8B18DE92432E7DF000FAC5A /* Release */ = {
			isa = XCBuildConfiguration;
			buildSettings = {
				ASSETCATALOG_COMPILER_APPICON_NAME = AppIcon;
				CODE_SIGN_STYLE = Automatic;
				INFOPLIST_FILE = hairColorChange/Info.plist;
				LD_RUNPATH_SEARCH_PATHS = (
					"$(inherited)",
					"@executable_path/Frameworks",
				);
				PRODUCT_BUNDLE_IDENTIFIER = com.minglemingle.hairColorChange;
				PRODUCT_NAME = "$(TARGET_NAME)";
				SWIFT_VERSION = 5.0;
				TARGETED_DEVICE_FAMILY = "1,2";
			};
			name = Release;
		};
		E8B18DEB2432E7DF000FAC5A /* Debug */ = {
			isa = XCBuildConfiguration;
			buildSettings = {
				ALWAYS_EMBED_SWIFT_STANDARD_LIBRARIES = YES;
				BUNDLE_LOADER = "$(TEST_HOST)";
				CODE_SIGN_STYLE = Automatic;
				INFOPLIST_FILE = hairColorChangeTests/Info.plist;
				IPHONEOS_DEPLOYMENT_TARGET = 13.4;
				LD_RUNPATH_SEARCH_PATHS = (
					"$(inherited)",
					"@executable_path/Frameworks",
					"@loader_path/Frameworks",
				);
				PRODUCT_BUNDLE_IDENTIFIER = com.minglemingle.hairColorChangeTests;
				PRODUCT_NAME = "$(TARGET_NAME)";
				SWIFT_VERSION = 5.0;
				TARGETED_DEVICE_FAMILY = "1,2";
				TEST_HOST = "$(BUILT_PRODUCTS_DIR)/hairColorChange.app/hairColorChange";
			};
			name = Debug;
		};
		E8B18DEC2432E7DF000FAC5A /* Release */ = {
			isa = XCBuildConfiguration;
			buildSettings = {
				ALWAYS_EMBED_SWIFT_STANDARD_LIBRARIES = YES;
				BUNDLE_LOADER = "$(TEST_HOST)";
				CODE_SIGN_STYLE = Automatic;
				INFOPLIST_FILE = hairColorChangeTests/Info.plist;
				IPHONEOS_DEPLOYMENT_TARGET = 13.4;
				LD_RUNPATH_SEARCH_PATHS = (
					"$(inherited)",
					"@executable_path/Frameworks",
					"@loader_path/Frameworks",
				);
				PRODUCT_BUNDLE_IDENTIFIER = com.minglemingle.hairColorChangeTests;
				PRODUCT_NAME = "$(TARGET_NAME)";
				SWIFT_VERSION = 5.0;
				TARGETED_DEVICE_FAMILY = "1,2";
				TEST_HOST = "$(BUILT_PRODUCTS_DIR)/hairColorChange.app/hairColorChange";
			};
			name = Release;
		};
		E8B18DEE2432E7DF000FAC5A /* Debug */ = {
			isa = XCBuildConfiguration;
			buildSettings = {
				ALWAYS_EMBED_SWIFT_STANDARD_LIBRARIES = YES;
				CODE_SIGN_STYLE = Automatic;
				INFOPLIST_FILE = hairColorChangeUITests/Info.plist;
				LD_RUNPATH_SEARCH_PATHS = (
					"$(inherited)",
					"@executable_path/Frameworks",
					"@loader_path/Frameworks",
				);
				PRODUCT_BUNDLE_IDENTIFIER = com.minglemingle.hairColorChangeUITests;
				PRODUCT_NAME = "$(TARGET_NAME)";
				SWIFT_VERSION = 5.0;
				TARGETED_DEVICE_FAMILY = "1,2";
				TEST_TARGET_NAME = hairColorChange;
			};
			name = Debug;
		};
		E8B18DEF2432E7DF000FAC5A /* Release */ = {
			isa = XCBuildConfiguration;
			buildSettings = {
				ALWAYS_EMBED_SWIFT_STANDARD_LIBRARIES = YES;
				CODE_SIGN_STYLE = Automatic;
				INFOPLIST_FILE = hairColorChangeUITests/Info.plist;
				LD_RUNPATH_SEARCH_PATHS = (
					"$(inherited)",
					"@executable_path/Frameworks",
					"@loader_path/Frameworks",
				);
				PRODUCT_BUNDLE_IDENTIFIER = com.minglemingle.hairColorChangeUITests;
				PRODUCT_NAME = "$(TARGET_NAME)";
				SWIFT_VERSION = 5.0;
				TARGETED_DEVICE_FAMILY = "1,2";
				TEST_TARGET_NAME = hairColorChange;
			};
			name = Release;
		};
/* End XCBuildConfiguration section */

/* Begin XCConfigurationList section */
		E8B18DB82432E7DC000FAC5A /* Build configuration list for PBXProject "hairColorChange" */ = {
			isa = XCConfigurationList;
			buildConfigurations = (
				E8B18DE52432E7DF000FAC5A /* Debug */,
				E8B18DE62432E7DF000FAC5A /* Release */,
			);
			defaultConfigurationIsVisible = 0;
			defaultConfigurationName = Release;
		};
		E8B18DE72432E7DF000FAC5A /* Build configuration list for PBXNativeTarget "hairColorChange" */ = {
			isa = XCConfigurationList;
			buildConfigurations = (
				E8B18DE82432E7DF000FAC5A /* Debug */,
				E8B18DE92432E7DF000FAC5A /* Release */,
			);
			defaultConfigurationIsVisible = 0;
			defaultConfigurationName = Release;
		};
		E8B18DEA2432E7DF000FAC5A /* Build configuration list for PBXNativeTarget "hairColorChangeTests" */ = {
			isa = XCConfigurationList;
			buildConfigurations = (
				E8B18DEB2432E7DF000FAC5A /* Debug */,
				E8B18DEC2432E7DF000FAC5A /* Release */,
			);
			defaultConfigurationIsVisible = 0;
			defaultConfigurationName = Release;
		};
		E8B18DED2432E7DF000FAC5A /* Build configuration list for PBXNativeTarget "hairColorChangeUITests" */ = {
			isa = XCConfigurationList;
			buildConfigurations = (
				E8B18DEE2432E7DF000FAC5A /* Debug */,
				E8B18DEF2432E7DF000FAC5A /* Release */,
			);
			defaultConfigurationIsVisible = 0;
			defaultConfigurationName = Release;
		};
/* End XCConfigurationList section */
	};
	rootObject = E8B18DB52432E7DC000FAC5A /* Project object */;
}
